<?xml version="1.0" encoding="utf-8"?>
<Project ToolsVersion="4.0" xmlns="http://schemas.microsoft.com/developer/msbuild/2003">
  <ItemGroup>
    <ClCompile Include="test_algorithm.cpp" />
    <ClCompile Include="test_container.cpp" />
    <ClCompile Include="main.cpp" />
    <ClCompile Include="test_class.cpp" />
    <ClCompile Include="test_function.cpp" />
    <ClCompile Include="test_operator.cpp" />
    <ClCompile Include="test_math.cpp" />
    <ClCompile Include="test_pointer.cpp" />
    <ClCompile Include="test_string.cpp" />
    <ClCompile Include="test_thread.cpp" />
    <ClCompile Include="test_time.cpp" />
    <ClCompile Include="test_map.cpp" />
    <ClCompile Include="test_template.cpp" />
    <ClCompile Include="test_typetraits.cpp" />
    <ClCompile Include="dll_helper.cpp" />
  </ItemGroup>
  <ItemGroup>
    <ClInclude Include="test_algorithm.h" />
    <ClInclude Include="test_container.h" />
    <ClInclude Include="test_function.h" />
    <ClInclude Include="test_operator.h" />
    <ClInclude Include="test_math.h" />
    <ClInclude Include="test_pointer.h" />
    <ClInclude Include="test_string.h" />
    <ClInclude Include="test_class.h" />
    <ClInclude Include="test_thread.h" />
    <ClInclude Include="test_time.h" />
    <ClInclude Include="test_map.h" />
    <ClInclude Include="test_template.h" />
    <ClInclude Include="test_typetraits.h" />
    <ClInclude Include="dll_helper.h" />
  </ItemGroup>
</Project>